{
  "nodes": {
    "HighStr-nvim": {
      "flake": false,
      "locked": {
        "lastModified": 1666349047,
        "narHash": "sha256-oyCCYgFckG3F9OKOeajLrLsby2Z+4zJ1RtwEzJo9JIk=",
        "owner": "Pocco81",
        "repo": "HighStr.nvim",
        "rev": "1cb5e030bb16df52c8428b53dc235466a4eb1d01",
        "type": "github"
      },
      "original": {
        "owner": "Pocco81",
        "repo": "HighStr.nvim",
        "type": "github"
      }
    },
    "cheatsheet-nvim": {
      "flake": false,
      "locked": {
        "lastModified": 1640255456,
        "narHash": "sha256-TYkGB7cON2t4GwMaR9H1MDG2j3btBv2AR37ade8kqTY=",
        "owner": "sudormrfbin",
        "repo": "cheatsheet.nvim",
        "rev": "9716f9aaa94dd1fd6ce59b5aae0e5f25e2a463ef",
        "type": "github"
      },
      "original": {
        "owner": "sudormrfbin",
        "repo": "cheatsheet.nvim",
        "type": "github"
      }
    },
    "emacs-overlay": {
      "inputs": {
        "flake-utils": "flake-utils",
        "nixpkgs": "nixpkgs",
        "nixpkgs-stable": "nixpkgs-stable"
      },
      "locked": {
        "lastModified": 1708882023,
        "narHash": "sha256-kGUpmwdfR4wTrlLUNzR6NFGpwlzrVRtnVaxHm4yTlCE=",
        "owner": "nix-community",
        "repo": "emacs-overlay",
        "rev": "482ea12373e83482e9a37113908cb947980cf8aa",
        "type": "github"
      },
      "original": {
        "owner": "nix-community",
        "repo": "emacs-overlay",
        "type": "github"
      }
    },
    "flake-compat": {
      "flake": false,
      "locked": {
        "lastModified": 1696426674,
        "narHash": "sha256-kvjfFW7WAETZlt09AgDn1MrtKzP7t90Vf7vypd3OL1U=",
        "owner": "edolstra",
        "repo": "flake-compat",
        "rev": "0f9255e01c2351cc7d116c072cb317785dd33b33",
        "type": "github"
      },
      "original": {
        "owner": "edolstra",
        "repo": "flake-compat",
        "type": "github"
      }
    },
    "flake-compat_2": {
      "flake": false,
      "locked": {
        "lastModified": 1696426674,
        "narHash": "sha256-kvjfFW7WAETZlt09AgDn1MrtKzP7t90Vf7vypd3OL1U=",
        "owner": "edolstra",
        "repo": "flake-compat",
        "rev": "0f9255e01c2351cc7d116c072cb317785dd33b33",
        "type": "github"
      },
      "original": {
        "owner": "edolstra",
        "repo": "flake-compat",
        "type": "github"
      }
    },
    "flake-compat_3": {
      "flake": false,
      "locked": {
        "lastModified": 1696426674,
        "narHash": "sha256-kvjfFW7WAETZlt09AgDn1MrtKzP7t90Vf7vypd3OL1U=",
        "owner": "edolstra",
        "repo": "flake-compat",
        "rev": "0f9255e01c2351cc7d116c072cb317785dd33b33",
        "type": "github"
      },
      "original": {
        "owner": "edolstra",
        "repo": "flake-compat",
        "type": "github"
      }
    },
    "flake-compat_4": {
      "flake": false,
      "locked": {
        "lastModified": 1696426674,
        "narHash": "sha256-kvjfFW7WAETZlt09AgDn1MrtKzP7t90Vf7vypd3OL1U=",
        "owner": "edolstra",
        "repo": "flake-compat",
        "rev": "0f9255e01c2351cc7d116c072cb317785dd33b33",
        "type": "github"
      },
      "original": {
        "owner": "edolstra",
        "repo": "flake-compat",
        "type": "github"
      }
    },
    "flake-compat_5": {
      "flake": false,
      "locked": {
        "lastModified": 1696426674,
        "narHash": "sha256-kvjfFW7WAETZlt09AgDn1MrtKzP7t90Vf7vypd3OL1U=",
        "owner": "edolstra",
        "repo": "flake-compat",
        "rev": "0f9255e01c2351cc7d116c072cb317785dd33b33",
        "type": "github"
      },
      "original": {
        "owner": "edolstra",
        "repo": "flake-compat",
        "type": "github"
      }
    },
    "flake-parts": {
      "inputs": {
        "nixpkgs-lib": [
          "neovim-nightly-overlay",
          "nixpkgs"
        ]
      },
      "locked": {
        "lastModified": 1706830856,
        "narHash": "sha256-a0NYyp+h9hlb7ddVz4LUn1vT/PLwqfrWYcHMvFB1xYg=",
        "owner": "hercules-ci",
        "repo": "flake-parts",
        "rev": "b253292d9c0a5ead9bc98c4e9a26c6312e27d69f",
        "type": "github"
      },
      "original": {
        "owner": "hercules-ci",
        "repo": "flake-parts",
        "type": "github"
      }
    },
    "flake-parts_2": {
      "inputs": {
        "nixpkgs-lib": [
          "neovim-nightly-overlay",
          "hercules-ci-effects",
          "nixpkgs"
        ]
      },
      "locked": {
        "lastModified": 1701473968,
        "narHash": "sha256-YcVE5emp1qQ8ieHUnxt1wCZCC3ZfAS+SRRWZ2TMda7E=",
        "owner": "hercules-ci",
        "repo": "flake-parts",
        "rev": "34fed993f1674c8d06d58b37ce1e0fe5eebcb9f5",
        "type": "github"
      },
      "original": {
        "id": "flake-parts",
        "type": "indirect"
      }
    },
    "flake-utils": {
      "inputs": {
        "systems": "systems"
      },
      "locked": {
        "lastModified": 1705309234,
        "narHash": "sha256-uNRRNRKmJyCRC/8y1RqBkqWBLM034y4qN7EprSdmgyA=",
        "owner": "numtide",
        "repo": "flake-utils",
        "rev": "1ef2e671c3b0c19053962c07dbda38332dcebf26",
        "type": "github"
      },
      "original": {
        "owner": "numtide",
        "repo": "flake-utils",
        "type": "github"
      }
    },
    "flake-utils_2": {
      "inputs": {
        "systems": "systems_2"
      },
      "locked": {
        "lastModified": 1705309234,
        "narHash": "sha256-uNRRNRKmJyCRC/8y1RqBkqWBLM034y4qN7EprSdmgyA=",
        "owner": "numtide",
        "repo": "flake-utils",
        "rev": "1ef2e671c3b0c19053962c07dbda38332dcebf26",
        "type": "github"
      },
      "original": {
        "owner": "numtide",
        "repo": "flake-utils",
        "type": "github"
      }
    },
    "flake-utils_3": {
      "inputs": {
        "systems": "systems_3"
      },
      "locked": {
        "lastModified": 1705309234,
        "narHash": "sha256-uNRRNRKmJyCRC/8y1RqBkqWBLM034y4qN7EprSdmgyA=",
        "owner": "numtide",
        "repo": "flake-utils",
        "rev": "1ef2e671c3b0c19053962c07dbda38332dcebf26",
        "type": "github"
      },
      "original": {
        "owner": "numtide",
        "repo": "flake-utils",
        "type": "github"
      }
    },
    "flake-utils_4": {
      "inputs": {
        "systems": "systems_4"
      },
      "locked": {
        "lastModified": 1701680307,
        "narHash": "sha256-kAuep2h5ajznlPMD9rnQyffWG8EM/C73lejGofXvdM8=",
        "owner": "numtide",
        "repo": "flake-utils",
        "rev": "4022d587cbbfd70fe950c1e2083a02621806a725",
        "type": "github"
      },
      "original": {
        "owner": "numtide",
        "repo": "flake-utils",
        "type": "github"
      }
    },
    "flake-utils_5": {
      "inputs": {
        "systems": "systems_5"
      },
      "locked": {
        "lastModified": 1701680307,
        "narHash": "sha256-kAuep2h5ajznlPMD9rnQyffWG8EM/C73lejGofXvdM8=",
        "owner": "numtide",
        "repo": "flake-utils",
        "rev": "4022d587cbbfd70fe950c1e2083a02621806a725",
        "type": "github"
      },
      "original": {
        "owner": "numtide",
        "repo": "flake-utils",
        "type": "github"
      }
    },
    "flake-utils_6": {
      "inputs": {
        "systems": "systems_6"
      },
      "locked": {
        "lastModified": 1701680307,
        "narHash": "sha256-kAuep2h5ajznlPMD9rnQyffWG8EM/C73lejGofXvdM8=",
        "owner": "numtide",
        "repo": "flake-utils",
        "rev": "4022d587cbbfd70fe950c1e2083a02621806a725",
        "type": "github"
      },
      "original": {
        "owner": "numtide",
        "repo": "flake-utils",
        "type": "github"
      }
    },
    "flake-utils_7": {
      "inputs": {
        "systems": "systems_7"
      },
      "locked": {
        "lastModified": 1701680307,
        "narHash": "sha256-kAuep2h5ajznlPMD9rnQyffWG8EM/C73lejGofXvdM8=",
        "owner": "numtide",
        "repo": "flake-utils",
        "rev": "4022d587cbbfd70fe950c1e2083a02621806a725",
        "type": "github"
      },
      "original": {
        "owner": "numtide",
        "repo": "flake-utils",
        "type": "github"
      }
    },
    "flake-utils_8": {
      "locked": {
        "lastModified": 1659877975,
        "narHash": "sha256-zllb8aq3YO3h8B/U0/J1WBgAL8EX5yWf5pMj3G0NAmc=",
        "owner": "numtide",
        "repo": "flake-utils",
        "rev": "c0e246b9b83f637f4681389ecabcb2681b4f3af0",
        "type": "github"
      },
      "original": {
        "owner": "numtide",
        "repo": "flake-utils",
        "type": "github"
      }
    },
    "flake-utils_9": {
      "inputs": {
        "systems": "systems_8"
      },
      "locked": {
        "lastModified": 1694529238,
        "narHash": "sha256-zsNZZGTGnMOf9YpHKJqMSsa0dXbfmxeoJ7xHlrt+xmY=",
        "owner": "numtide",
        "repo": "flake-utils",
        "rev": "ff7b65b44d01cf9ba6a71320833626af21126384",
        "type": "github"
      },
      "original": {
        "owner": "numtide",
        "repo": "flake-utils",
        "type": "github"
      }
    },
    "gh-nvim": {
      "flake": false,
      "locked": {
        "lastModified": 1708731825,
        "narHash": "sha256-8C/H39Ly/j2631TmsJbQNtbqsipjWkbs1SgFsfjMWz8=",
        "owner": "ldelossa",
        "repo": "gh.nvim",
        "rev": "3181973d0c80fe0553e30e0aeeb860bedef9a33b",
        "type": "github"
      },
      "original": {
        "owner": "ldelossa",
        "repo": "gh.nvim",
        "type": "github"
      }
    },
    "gitignore": {
      "inputs": {
        "nixpkgs": [
          "haskell-tools",
          "neorocks",
          "pre-commit-hooks",
          "nixpkgs"
        ]
      },
      "locked": {
        "lastModified": 1703887061,
        "narHash": "sha256-gGPa9qWNc6eCXT/+Z5/zMkyYOuRZqeFZBDbopNZQkuY=",
        "owner": "hercules-ci",
        "repo": "gitignore.nix",
        "rev": "43e1aa1308018f37118e34d3a9cb4f5e75dc11d5",
        "type": "github"
      },
      "original": {
        "owner": "hercules-ci",
        "repo": "gitignore.nix",
        "type": "github"
      }
    },
    "gitignore_2": {
      "inputs": {
        "nixpkgs": [
          "haskell-tools",
          "pre-commit-hooks",
          "nixpkgs"
        ]
      },
      "locked": {
        "lastModified": 1703887061,
        "narHash": "sha256-gGPa9qWNc6eCXT/+Z5/zMkyYOuRZqeFZBDbopNZQkuY=",
        "owner": "hercules-ci",
        "repo": "gitignore.nix",
        "rev": "43e1aa1308018f37118e34d3a9cb4f5e75dc11d5",
        "type": "github"
      },
      "original": {
        "owner": "hercules-ci",
        "repo": "gitignore.nix",
        "type": "github"
      }
    },
    "haskell-snippets-nvim": {
      "flake": false,
      "locked": {
        "lastModified": 1707162095,
        "narHash": "sha256-AyP1x3RXWq8ZVjDxlhjlPcdFHi2TgYcLBw80He9O8tY=",
        "owner": "mrcjkb",
        "repo": "haskell-snippets.nvim",
        "rev": "0adc2b0956c2de107bbf3b0329b5b7450a1d07e4",
        "type": "github"
      },
      "original": {
        "owner": "mrcjkb",
        "repo": "haskell-snippets.nvim",
        "type": "github"
      }
    },
    "haskell-tools": {
      "inputs": {
        "flake-compat": "flake-compat",
        "flake-utils": "flake-utils_2",
        "neodev-nvim": "neodev-nvim",
        "neorocks": "neorocks",
        "nixpkgs": "nixpkgs_3",
        "nvim-dap": "nvim-dap",
        "pre-commit-hooks": "pre-commit-hooks_2",
        "telescope-nvim": "telescope-nvim",
        "toggleterm": "toggleterm"
      },
      "locked": {
        "lastModified": 1708820227,
        "narHash": "sha256-q8qoeWxKQIviMxUTq99XsT6Mk3ZYVh+DC6gP5EnN2uM=",
        "owner": "MrcJkb",
        "repo": "haskell-tools.nvim",
        "rev": "0f95fb809b2cfa28f7540ba874356d12426b8d29",
        "type": "github"
      },
      "original": {
        "owner": "MrcJkb",
        "repo": "haskell-tools.nvim",
        "type": "github"
      }
    },
    "hercules-ci-effects": {
      "inputs": {
        "flake-parts": "flake-parts_2",
        "nixpkgs": [
          "neovim-nightly-overlay",
          "nixpkgs"
        ]
      },
      "locked": {
        "lastModified": 1708547820,
        "narHash": "sha256-xU/KC1PWqq5zL9dQ9wYhcdgxAwdeF/dJCLPH3PNZEBg=",
        "owner": "hercules-ci",
        "repo": "hercules-ci-effects",
        "rev": "0ca27bd58e4d5be3135a4bef66b582e57abe8f4a",
        "type": "github"
      },
      "original": {
        "owner": "hercules-ci",
        "repo": "hercules-ci-effects",
        "type": "github"
      }
    },
    "home-manager": {
      "inputs": {
        "nixpkgs": [
          "nixpkgs"
        ]
      },
      "locked": {
        "lastModified": 1706981411,
        "narHash": "sha256-cLbLPTL1CDmETVh4p0nQtvoF+FSEjsnJTFpTxhXywhQ=",
        "owner": "nix-community",
        "repo": "home-manager",
        "rev": "652fda4ca6dafeb090943422c34ae9145787af37",
        "type": "github"
      },
      "original": {
        "owner": "nix-community",
        "ref": "release-23.11",
        "repo": "home-manager",
        "type": "github"
      }
    },
    "neodev-nvim": {
      "flake": false,
      "locked": {
        "lastModified": 1708668387,
        "narHash": "sha256-JqrPVGzJFvJpJmAGoy535hNsF4zCkzSJ/bUgCZlRXqo=",
        "owner": "folke",
        "repo": "neodev.nvim",
        "rev": "f7f249b361e9fb245eea24cbcd9f5502e796c6ea",
        "type": "github"
      },
      "original": {
        "owner": "folke",
        "repo": "neodev.nvim",
        "type": "github"
      }
    },
    "neorocks": {
      "inputs": {
        "flake-compat": "flake-compat_2",
        "flake-utils": "flake-utils_3",
        "neovim-nightly": "neovim-nightly",
        "nixpkgs": "nixpkgs_2",
        "pre-commit-hooks": "pre-commit-hooks"
      },
      "locked": {
        "lastModified": 1708752180,
        "narHash": "sha256-QGJxCIxjScoLDt6h7s+C+IY1chaFr2xMeU9FvUrnZr0=",
        "owner": "nvim-neorocks",
        "repo": "neorocks",
        "rev": "affa831f08c95e0b179cfbabe8ba3d7ebe58a213",
        "type": "github"
      },
      "original": {
        "owner": "nvim-neorocks",
        "repo": "neorocks",
        "type": "github"
      }
    },
    "neoscroll-nvim": {
      "flake": false,
      "locked": {
        "lastModified": 1707057472,
        "narHash": "sha256-duTqhMd3+1cCAZVdrygVtRKDcDOWvnBQZffV9D4dqcI=",
        "owner": "karb94",
        "repo": "neoscroll.nvim",
        "rev": "6e3546751076890304428150e53bd59198a4505d",
        "type": "github"
      },
      "original": {
        "owner": "karb94",
        "repo": "neoscroll.nvim",
        "type": "github"
      }
    },
    "neovim-flake": {
      "inputs": {
        "flake-utils": "flake-utils_7",
        "nixpkgs": [
          "neovim-nightly-overlay",
          "nixpkgs"
        ]
      },
      "locked": {
        "dir": "contrib",
        "lastModified": 1708818534,
        "narHash": "sha256-f6kdXBRoQMyW3ffViEK8elYdcciUhNoY9JN9MOJaUBE=",
        "owner": "neovim",
        "repo": "neovim",
        "rev": "091e374c7f4886ef875e801ae0473b88f6caefe2",
        "type": "github"
      },
      "original": {
        "dir": "contrib",
        "owner": "neovim",
        "repo": "neovim",
        "type": "github"
      }
    },
    "neovim-nightly": {
      "inputs": {
        "flake-utils": "flake-utils_4",
        "nixpkgs": [
          "haskell-tools",
          "neorocks",
          "nixpkgs"
        ]
      },
      "locked": {
        "dir": "contrib",
        "lastModified": 1708722750,
        "narHash": "sha256-hgOLzcLadoG2fJzfoR+Aav1nF5+46TsjfJcOg62A12o=",
        "owner": "neovim",
        "repo": "neovim",
        "rev": "99288ecc77e429ffe06842157e72ed612e97a419",
        "type": "github"
      },
      "original": {
        "dir": "contrib",
        "owner": "neovim",
        "repo": "neovim",
        "type": "github"
      }
    },
    "neovim-nightly-overlay": {
      "inputs": {
        "flake-compat": "flake-compat_5",
        "flake-parts": "flake-parts",
        "hercules-ci-effects": "hercules-ci-effects",
        "neovim-flake": "neovim-flake",
        "nixpkgs": "nixpkgs_4"
      },
      "locked": {
        "lastModified": 1708819468,
        "narHash": "sha256-TZB6DyO7+9WaLfhcp1/vwqucmkPTp42oJ7ObgUMrX8E=",
        "owner": "nix-community",
        "repo": "neovim-nightly-overlay",
        "rev": "392a5933e6322fe8cddea0ecccb36e89283df08e",
        "type": "github"
      },
      "original": {
        "owner": "nix-community",
        "repo": "neovim-nightly-overlay",
        "type": "github"
      }
    },
    "nix-github-actions": {
      "inputs": {
        "nixpkgs": [
          "nixops",
          "poetry2nix",
          "nixpkgs"
        ]
      },
      "locked": {
        "lastModified": 1693660503,
        "narHash": "sha256-B/g2V4v6gjirFmy+I5mwB2bCYc0l3j5scVfwgl6WOl8=",
        "owner": "nix-community",
        "repo": "nix-github-actions",
        "rev": "bd5bdbb52350e145c526108f4ef192eb8e554fa0",
        "type": "github"
      },
      "original": {
        "owner": "nix-community",
        "repo": "nix-github-actions",
        "type": "github"
      }
    },
    "nixgl": {
      "inputs": {
        "flake-utils": "flake-utils_8",
        "nixpkgs": "nixpkgs_5"
      },
      "locked": {
        "lastModified": 1685908677,
        "narHash": "sha256-E4zUPEUFyVWjVm45zICaHRpfGepfkE9Z2OECV9HXfA4=",
        "owner": "guibou",
        "repo": "nixGL",
        "rev": "489d6b095ab9d289fe11af0219a9ff00fe87c7c5",
        "type": "github"
      },
      "original": {
        "owner": "guibou",
        "repo": "nixGL",
        "type": "github"
      }
    },
    "nixops": {
      "inputs": {
        "nixpkgs": "nixpkgs_6",
        "poetry2nix": "poetry2nix",
        "utils": "utils"
      },
      "locked": {
        "lastModified": 1702812858,
        "narHash": "sha256-Kus1Ls1tT8fVGLX0NakRXmjuz5/J/tfqU4TLOkiZqvo=",
        "owner": "NixOS",
        "repo": "nixops",
        "rev": "053668e849bb369973cf265b7e8f38e66ef70138",
        "type": "github"
      },
      "original": {
        "owner": "NixOS",
        "repo": "nixops",
        "type": "github"
      }
    },
    "nixpkgs": {
      "locked": {
        "lastModified": 1708807242,
        "narHash": "sha256-sRTRkhMD4delO/hPxxi+XwLqPn8BuUq6nnj4JqLwOu0=",
        "owner": "NixOS",
        "repo": "nixpkgs",
        "rev": "73de017ef2d18a04ac4bfd0c02650007ccb31c2a",
        "type": "github"
      },
      "original": {
        "owner": "NixOS",
        "ref": "nixos-unstable",
        "repo": "nixpkgs",
        "type": "github"
      }
    },
    "nixpkgs-23-05": {
      "locked": {
        "lastModified": 1704290814,
        "narHash": "sha256-LWvKHp7kGxk/GEtlrGYV68qIvPHkU9iToomNFGagixU=",
        "owner": "NixOS",
        "repo": "nixpkgs",
        "rev": "70bdadeb94ffc8806c0570eb5c2695ad29f0e421",
        "type": "github"
      },
      "original": {
        "owner": "NixOS",
        "ref": "nixos-23.05",
        "repo": "nixpkgs",
        "type": "github"
      }
    },
    "nixpkgs-stable": {
      "locked": {
        "lastModified": 1708702655,
        "narHash": "sha256-qxT5jSLhelfLhQ07+AUxSTm1VnVH+hQxDkQSZ/m/Smo=",
        "owner": "NixOS",
        "repo": "nixpkgs",
        "rev": "c5101e457206dd437330d283d6626944e28794b3",
        "type": "github"
      },
      "original": {
        "owner": "NixOS",
        "ref": "nixos-23.11",
        "repo": "nixpkgs",
        "type": "github"
      }
    },
    "nixpkgs-stable_2": {
      "locked": {
        "lastModified": 1704874635,
        "narHash": "sha256-YWuCrtsty5vVZvu+7BchAxmcYzTMfolSPP5io8+WYCg=",
        "owner": "NixOS",
        "repo": "nixpkgs",
        "rev": "3dc440faeee9e889fe2d1b4d25ad0f430d449356",
        "type": "github"
      },
      "original": {
        "owner": "NixOS",
        "ref": "nixos-23.11",
        "repo": "nixpkgs",
        "type": "github"
      }
    },
    "nixpkgs-stable_3": {
      "locked": {
        "lastModified": 1704874635,
        "narHash": "sha256-YWuCrtsty5vVZvu+7BchAxmcYzTMfolSPP5io8+WYCg=",
        "owner": "NixOS",
        "repo": "nixpkgs",
        "rev": "3dc440faeee9e889fe2d1b4d25ad0f430d449356",
        "type": "github"
      },
      "original": {
        "owner": "NixOS",
        "ref": "nixos-23.11",
        "repo": "nixpkgs",
        "type": "github"
      }
    },
    "nixpkgs-unstable": {
      "locked": {
        "lastModified": 1708807242,
        "narHash": "sha256-sRTRkhMD4delO/hPxxi+XwLqPn8BuUq6nnj4JqLwOu0=",
        "owner": "NixOS",
        "repo": "nixpkgs",
        "rev": "73de017ef2d18a04ac4bfd0c02650007ccb31c2a",
        "type": "github"
      },
      "original": {
        "owner": "NixOS",
        "ref": "nixos-unstable",
        "repo": "nixpkgs",
        "type": "github"
      }
    },
    "nixpkgs_2": {
      "locked": {
        "lastModified": 1708692673,
        "narHash": "sha256-qIQMXkkp3/Lo2Zu41BK/oN3Dt3b5rUJELvt+CbAXPXw=",
        "owner": "nixos",
        "repo": "nixpkgs",
        "rev": "48b75eb6e521f2303cb3cd53a94ec80021b422aa",
        "type": "github"
      },
      "original": {
        "owner": "nixos",
        "ref": "nixpkgs-unstable",
        "repo": "nixpkgs",
        "type": "github"
      }
    },
    "nixpkgs_3": {
      "locked": {
        "lastModified": 1708751719,
        "narHash": "sha256-0uWOKSpXJXmXswOvDM5Vk3blB74apFB6rNGWV5IjoN0=",
        "owner": "nixos",
        "repo": "nixpkgs",
        "rev": "f63ce824cd2f036216eb5f637dfef31e1a03ee89",
        "type": "github"
      },
      "original": {
        "owner": "nixos",
        "ref": "nixpkgs-unstable",
        "repo": "nixpkgs",
        "type": "github"
      }
    },
    "nixpkgs_4": {
      "locked": {
        "lastModified": 1708751719,
        "narHash": "sha256-0uWOKSpXJXmXswOvDM5Vk3blB74apFB6rNGWV5IjoN0=",
        "owner": "NixOS",
        "repo": "nixpkgs",
        "rev": "f63ce824cd2f036216eb5f637dfef31e1a03ee89",
        "type": "github"
      },
      "original": {
        "owner": "NixOS",
        "ref": "nixpkgs-unstable",
        "repo": "nixpkgs",
        "type": "github"
      }
    },
    "nixpkgs_5": {
      "locked": {
        "lastModified": 1660551188,
        "narHash": "sha256-a1LARMMYQ8DPx1BgoI/UN4bXe12hhZkCNqdxNi6uS0g=",
        "owner": "nixos",
        "repo": "nixpkgs",
        "rev": "441dc5d512153039f19ef198e662e4f3dbb9fd65",
        "type": "github"
      },
      "original": {
        "owner": "nixos",
        "repo": "nixpkgs",
        "type": "github"
      }
    },
    "nixpkgs_6": {
      "locked": {
        "lastModified": 1697935353,
        "narHash": "sha256-dDwl5ziD24Gs0feke2seFXoQibHafb5XeNDWlUZxCbg=",
        "owner": "NixOS",
        "repo": "nixpkgs",
        "rev": "8dfad603247387df1df4826b8bea58efc5d012d8",
        "type": "github"
      },
      "original": {
        "owner": "NixOS",
        "ref": "nixos-unstable-small",
        "repo": "nixpkgs",
        "type": "github"
      }
    },
    "nixpkgs_7": {
      "locked": {
        "lastModified": 1708831307,
        "narHash": "sha256-0iL/DuGjiUeck1zEaL+aIe2WvA3/cVhp/SlmTcOZXH4=",
        "owner": "NixOS",
        "repo": "nixpkgs",
        "rev": "5bf1cadb72ab4e77cb0b700dab76bcdaf88f706b",
        "type": "github"
      },
      "original": {
        "owner": "NixOS",
        "ref": "nixos-23.11",
        "repo": "nixpkgs",
        "type": "github"
      }
    },
    "nvim-dap": {
      "flake": false,
      "locked": {
        "lastModified": 1708166498,
        "narHash": "sha256-mOn/1qnUFRuKXLnthrc0/h8q3rDlKxfCmIrr3gbU5LU=",
        "owner": "mfussenegger",
        "repo": "nvim-dap",
        "rev": "fc880e82059eb21c0fa896be60146e5f17680648",
        "type": "github"
      },
      "original": {
        "owner": "mfussenegger",
        "repo": "nvim-dap",
        "type": "github"
      }
    },
    "poetry2nix": {
      "inputs": {
        "flake-utils": "flake-utils_9",
        "nix-github-actions": "nix-github-actions",
        "nixpkgs": [
          "nixops",
          "nixpkgs"
        ]
      },
      "locked": {
        "lastModified": 1698273246,
        "narHash": "sha256-gwlz94Vth1eMXP7AraLJ4gKh9WA6J6k92KfD9AKlkT0=",
        "owner": "nix-community",
        "repo": "poetry2nix",
        "rev": "e40ed935f10eeb2fb454f11ff204b821fe351d9f",
        "type": "github"
      },
      "original": {
        "owner": "nix-community",
        "repo": "poetry2nix",
        "type": "github"
      }
    },
    "pre-commit-hooks": {
      "inputs": {
        "flake-compat": "flake-compat_3",
        "flake-utils": "flake-utils_5",
        "gitignore": "gitignore",
        "nixpkgs": [
          "haskell-tools",
          "neorocks",
          "nixpkgs"
        ],
        "nixpkgs-stable": "nixpkgs-stable_2"
      },
      "locked": {
        "lastModified": 1708018599,
        "narHash": "sha256-M+Ng6+SePmA8g06CmUZWi1AjG2tFBX9WCXElBHEKnyM=",
        "owner": "cachix",
        "repo": "pre-commit-hooks.nix",
        "rev": "5df5a70ad7575f6601d91f0efec95dd9bc619431",
        "type": "github"
      },
      "original": {
        "owner": "cachix",
        "repo": "pre-commit-hooks.nix",
        "type": "github"
      }
    },
    "pre-commit-hooks_2": {
      "inputs": {
        "flake-compat": "flake-compat_4",
        "flake-utils": "flake-utils_6",
        "gitignore": "gitignore_2",
        "nixpkgs": [
          "haskell-tools",
          "nixpkgs"
        ],
        "nixpkgs-stable": "nixpkgs-stable_3"
      },
      "locked": {
        "lastModified": 1708018599,
        "narHash": "sha256-M+Ng6+SePmA8g06CmUZWi1AjG2tFBX9WCXElBHEKnyM=",
        "owner": "cachix",
        "repo": "pre-commit-hooks.nix",
        "rev": "5df5a70ad7575f6601d91f0efec95dd9bc619431",
        "type": "github"
      },
      "original": {
        "owner": "cachix",
        "repo": "pre-commit-hooks.nix",
        "type": "github"
      }
    },
    "root": {
      "inputs": {
        "HighStr-nvim": "HighStr-nvim",
        "cheatsheet-nvim": "cheatsheet-nvim",
        "emacs-overlay": "emacs-overlay",
        "gh-nvim": "gh-nvim",
        "haskell-snippets-nvim": "haskell-snippets-nvim",
        "haskell-tools": "haskell-tools",
        "home-manager": "home-manager",
        "neoscroll-nvim": "neoscroll-nvim",
        "neovim-nightly-overlay": "neovim-nightly-overlay",
        "nixgl": "nixgl",
        "nixops": "nixops",
        "nixpkgs": "nixpkgs_7",
        "nixpkgs-23-05": "nixpkgs-23-05",
        "nixpkgs-unstable": "nixpkgs-unstable",
        "telescope-ui-select-nvim": "telescope-ui-select-nvim",
        "venn-nvim": "venn-nvim",
        "vim-bujo": "vim-bujo",
        "vim-silicon": "vim-silicon"
      }
    },
    "systems": {
      "locked": {
        "lastModified": 1681028828,
        "narHash": "sha256-Vy1rq5AaRuLzOxct8nz4T6wlgyUR7zLU309k9mBC768=",
        "owner": "nix-systems",
        "repo": "default",
        "rev": "da67096a3b9bf56a91d16901293e51ba5b49a27e",
        "type": "github"
      },
      "original": {
        "owner": "nix-systems",
        "repo": "default",
        "type": "github"
      }
    },
    "systems_2": {
      "locked": {
        "lastModified": 1681028828,
        "narHash": "sha256-Vy1rq5AaRuLzOxct8nz4T6wlgyUR7zLU309k9mBC768=",
        "owner": "nix-systems",
        "repo": "default",
        "rev": "da67096a3b9bf56a91d16901293e51ba5b49a27e",
        "type": "github"
      },
      "original": {
        "owner": "nix-systems",
        "repo": "default",
        "type": "github"
      }
    },
    "systems_3": {
      "locked": {
        "lastModified": 1681028828,
        "narHash": "sha256-Vy1rq5AaRuLzOxct8nz4T6wlgyUR7zLU309k9mBC768=",
        "owner": "nix-systems",
        "repo": "default",
        "rev": "da67096a3b9bf56a91d16901293e51ba5b49a27e",
        "type": "github"
      },
      "original": {
        "owner": "nix-systems",
        "repo": "default",
        "type": "github"
      }
    },
    "systems_4": {
      "locked": {
        "lastModified": 1681028828,
        "narHash": "sha256-Vy1rq5AaRuLzOxct8nz4T6wlgyUR7zLU309k9mBC768=",
        "owner": "nix-systems",
        "repo": "default",
        "rev": "da67096a3b9bf56a91d16901293e51ba5b49a27e",
        "type": "github"
      },
      "original": {
        "owner": "nix-systems",
        "repo": "default",
        "type": "github"
      }
    },
    "systems_5": {
      "locked": {
        "lastModified": 1681028828,
        "narHash": "sha256-Vy1rq5AaRuLzOxct8nz4T6wlgyUR7zLU309k9mBC768=",
        "owner": "nix-systems",
        "repo": "default",
        "rev": "da67096a3b9bf56a91d16901293e51ba5b49a27e",
        "type": "github"
      },
      "original": {
        "owner": "nix-systems",
        "repo": "default",
        "type": "github"
      }
    },
    "systems_6": {
      "locked": {
        "lastModified": 1681028828,
        "narHash": "sha256-Vy1rq5AaRuLzOxct8nz4T6wlgyUR7zLU309k9mBC768=",
        "owner": "nix-systems",
        "repo": "default",
        "rev": "da67096a3b9bf56a91d16901293e51ba5b49a27e",
        "type": "github"
      },
      "original": {
        "owner": "nix-systems",
        "repo": "default",
        "type": "github"
      }
    },
    "systems_7": {
      "locked": {
        "lastModified": 1681028828,
        "narHash": "sha256-Vy1rq5AaRuLzOxct8nz4T6wlgyUR7zLU309k9mBC768=",
        "owner": "nix-systems",
        "repo": "default",
        "rev": "da67096a3b9bf56a91d16901293e51ba5b49a27e",
        "type": "github"
      },
      "original": {
        "owner": "nix-systems",
        "repo": "default",
        "type": "github"
      }
    },
    "systems_8": {
      "locked": {
        "lastModified": 1681028828,
        "narHash": "sha256-Vy1rq5AaRuLzOxct8nz4T6wlgyUR7zLU309k9mBC768=",
        "owner": "nix-systems",
        "repo": "default",
        "rev": "da67096a3b9bf56a91d16901293e51ba5b49a27e",
        "type": "github"
      },
      "original": {
        "owner": "nix-systems",
        "repo": "default",
        "type": "github"
      }
    },
    "systems_9": {
      "locked": {
        "lastModified": 1681028828,
        "narHash": "sha256-Vy1rq5AaRuLzOxct8nz4T6wlgyUR7zLU309k9mBC768=",
        "owner": "nix-systems",
        "repo": "default",
        "rev": "da67096a3b9bf56a91d16901293e51ba5b49a27e",
        "type": "github"
      },
      "original": {
        "owner": "nix-systems",
        "repo": "default",
        "type": "github"
      }
    },
    "telescope-nvim": {
      "flake": false,
      "locked": {
        "lastModified": 1708784664,
        "narHash": "sha256-PpUWXgzwUeSZVJg4invL4hk+EAQbxH7+4p8Qo1dUl7g=",
        "owner": "nvim-telescope",
        "repo": "telescope.nvim",
        "rev": "2e1e382df42467029b493c143c2e727028140214",
        "type": "github"
      },
      "original": {
        "owner": "nvim-telescope",
        "repo": "telescope.nvim",
        "type": "github"
      }
    },
    "telescope-ui-select-nvim": {
      "flake": false,
      "locked": {
        "lastModified": 1701723223,
        "narHash": "sha256-YRhNmmG4gx9Ht8JwjQfbTjJyTHEuZmtP6lqnhOsk8bE=",
        "owner": "nvim-telescope",
        "repo": "telescope-ui-select.nvim",
        "rev": "6e51d7da30bd139a6950adf2a47fda6df9fa06d2",
        "type": "github"
      },
      "original": {
        "owner": "nvim-telescope",
        "repo": "telescope-ui-select.nvim",
        "type": "github"
      }
    },
    "toggleterm": {
      "flake": false,
      "locked": {
        "lastModified": 1707733615,
        "narHash": "sha256-FJyDxQm2vs9R4WkqAbh6ryCvEABfrLSKRrAGo/qI5jM=",
        "owner": "akinsho",
        "repo": "toggleterm.nvim",
        "rev": "193786e0371e3286d3bc9aa0079da1cd41beaa62",
        "type": "github"
      },
      "original": {
        "owner": "akinsho",
        "repo": "toggleterm.nvim",
        "type": "github"
      }
    },
    "utils": {
      "inputs": {
        "systems": "systems_9"
      },
      "locked": {
        "lastModified": 1694529238,
        "narHash": "sha256-zsNZZGTGnMOf9YpHKJqMSsa0dXbfmxeoJ7xHlrt+xmY=",
        "owner": "numtide",
        "repo": "flake-utils",
        "rev": "ff7b65b44d01cf9ba6a71320833626af21126384",
        "type": "github"
      },
      "original": {
        "owner": "numtide",
        "repo": "flake-utils",
        "type": "github"
      }
    },
    "venn-nvim": {
      "flake": false,
      "locked": {
        "lastModified": 1699213581,
        "narHash": "sha256-MOT91B6DQaCftkc8yhutqZ6VFtzlQUVMXsdYjO7JOqA=",
        "owner": "jbyuki",
        "repo": "venn.nvim",
        "rev": "e4d68341a73dd56c64955058821a58295fb337b1",
        "type": "github"
      },
      "original": {
        "owner": "jbyuki",
        "repo": "venn.nvim",
        "type": "github"
      }
    },
    "vim-bujo": {
      "flake": false,
      "locked": {
        "lastModified": 1638294327,
        "narHash": "sha256-859gxc1ddpu6eskQ4biVujD/wWKAohKKzbbnI88wulE=",
        "owner": "vuciv",
        "repo": "vim-bujo",
        "rev": "ee3fecb5b3206b8073ac3fe4153391f320c99197",
        "type": "github"
      },
      "original": {
        "owner": "vuciv",
        "repo": "vim-bujo",
        "type": "github"
      }
    },
    "vim-silicon": {
      "flake": false,
      "locked": {
        "lastModified": 1606861048,
        "narHash": "sha256-8pCHtApD/xXav2UBVOVhkaHg3YS4aNCZ73mog04bYuA=",
        "owner": "segeljakt",
        "repo": "vim-silicon",
        "rev": "4a93122ae2139a12e2a56f064d086c05160b6835",
        "type": "github"
      },
      "original": {
        "owner": "segeljakt",
        "repo": "vim-silicon",
        "type": "github"
      }
    }
  },
  "root": "root",
  "version": 7
}
